
Microsoft Visual Studio Solution File, Format Version 12.00
# Visual Studio 15
VisualStudioVersion = 15.0.27130.2020
MinimumVisualStudioVersion = 10.0.40219.1
Project("{FAE04EC0-301F-11D3-BF4B-00C04F79EFBC}") = "Server", "Server\Server.csproj", "{31C388A4-636B-4F75-9C8B-E8FA81072445}"
EndProject
Project("{FAE04EC0-301F-11D3-BF4B-00C04F79EFBC}") = "Server.Tests", "Server.Tests\Server.Tests.csproj", "{A6E7EADF-3BBB-4F5B-87A4-BF004FC06E65}"
EndProject
Global
	GlobalSection(SolutionConfigurationPlatforms) = preSolution
		Debug|Any CPU = Debug|Any CPU
		Release|Any CPU = Release|Any CPU
	EndGlobalSection
	GlobalSection(ProjectConfigurationPlatforms) = postSolution
		{31C388A4-636B-4F75-9C8B-E8FA81072445}.Debug|Any CPU.ActiveCfg = Debug|Any CPU
		{31C388A4-636B-4F75-9C8B-E8FA81072445}.Debug|Any CPU.Build.0 = Debug|Any CPU
		{31C388A4-636B-4F75-9C8B-E8FA81072445}.Release|Any CPU.ActiveCfg = Release|Any CPU
		{31C388A4-636B-4F75-9C8B-E8FA81072445}.Release|Any CPU.Build.0 = Release|Any CPU
		{A6E7EADF-3BBB-4F5B-87A4-BF004FC06E65}.Debug|Any CPU.ActiveCfg = Debug|Any CPU
		{A6E7EADF-3BBB-4F5B-87A4-BF004FC06E65}.Debug|Any CPU.Build.0 = Debug|Any CPU
		{A6E7EADF-3BBB-4F5B-87A4-BF004FC06E65}.Release|Any CPU.ActiveCfg = Release|Any CPU
		{A6E7EADF-3BBB-4F5B-87A4-BF004FC06E65}.Release|Any CPU.Build.0 = Release|Any CPU
	EndGlobalSection
	GlobalSection(SolutionProperties) = preSolution
		HideSolutionNode = FALSE
	EndGlobalSection
	GlobalSection(ExtensibilityGlobals) = postSolution
		SolutionGuid = {1C51EED2-46D9-4BC2-96C7-34FDA17571FA}
	EndGlobalSection
EndGlobal
